
Microsoft Visual Studio Solution File, Format Version 12.00
# Visual Studio Version 16
VisualStudioVersion = 16.0.31112.23
MinimumVisualStudioVersion = 10.0.40219.1
Project("{FAE04EC0-301F-11D3-BF4B-00C04F79EFBC}") = "Entities", "Entities\Entities.csproj", "{242E94DF-0DEA-4595-A583-3C15555BFA32}"
EndProject
Project("{FAE04EC0-301F-11D3-BF4B-00C04F79EFBC}") = "DataAccess", "DataAccess\DataAccess.csproj", "{27676605-2D9A-4590-B5CA-85C2E65AFF68}"
EndProject
Project("{FAE04EC0-301F-11D3-BF4B-00C04F79EFBC}") = "Business", "Business\Business.csproj", "{4D6ADBD6-048B-478D-BCA9-69FA79568E41}"
EndProject
Project("{FAE04EC0-301F-11D3-BF4B-00C04F79EFBC}") = "ConsoleUI", "ConsoleUI\ConsoleUI.csproj", "{873FC1A6-AFFC-4AA1-99A2-7D392DB1F5B7}"
EndProject
Global
	GlobalSection(SolutionConfigurationPlatforms) = preSolution
		Debug|Any CPU = Debug|Any CPU
		Release|Any CPU = Release|Any CPU
	EndGlobalSection
	GlobalSection(ProjectConfigurationPlatforms) = postSolution
		{242E94DF-0DEA-4595-A583-3C15555BFA32}.Debug|Any CPU.ActiveCfg = Debug|Any CPU
		{242E94DF-0DEA-4595-A583-3C15555BFA32}.Debug|Any CPU.Build.0 = Debug|Any CPU
		{242E94DF-0DEA-4595-A583-3C15555BFA32}.Release|Any CPU.ActiveCfg = Release|Any CPU
		{242E94DF-0DEA-4595-A583-3C15555BFA32}.Release|Any CPU.Build.0 = Release|Any CPU
		{27676605-2D9A-4590-B5CA-85C2E65AFF68}.Debug|Any CPU.ActiveCfg = Debug|Any CPU
		{27676605-2D9A-4590-B5CA-85C2E65AFF68}.Debug|Any CPU.Build.0 = Debug|Any CPU
		{27676605-2D9A-4590-B5CA-85C2E65AFF68}.Release|Any CPU.ActiveCfg = Release|Any CPU
		{27676605-2D9A-4590-B5CA-85C2E65AFF68}.Release|Any CPU.Build.0 = Release|Any CPU
		{4D6ADBD6-048B-478D-BCA9-69FA79568E41}.Debug|Any CPU.ActiveCfg = Debug|Any CPU
		{4D6ADBD6-048B-478D-BCA9-69FA79568E41}.Debug|Any CPU.Build.0 = Debug|Any CPU
		{4D6ADBD6-048B-478D-BCA9-69FA79568E41}.Release|Any CPU.ActiveCfg = Release|Any CPU
		{4D6ADBD6-048B-478D-BCA9-69FA79568E41}.Release|Any CPU.Build.0 = Release|Any CPU
		{873FC1A6-AFFC-4AA1-99A2-7D392DB1F5B7}.Debug|Any CPU.ActiveCfg = Debug|Any CPU
		{873FC1A6-AFFC-4AA1-99A2-7D392DB1F5B7}.Debug|Any CPU.Build.0 = Debug|Any CPU
		{873FC1A6-AFFC-4AA1-99A2-7D392DB1F5B7}.Release|Any CPU.ActiveCfg = Release|Any CPU
		{873FC1A6-AFFC-4AA1-99A2-7D392DB1F5B7}.Release|Any CPU.Build.0 = Release|Any CPU
	EndGlobalSection
	GlobalSection(SolutionProperties) = preSolution
		HideSolutionNode = FALSE
	EndGlobalSection
	GlobalSection(ExtensibilityGlobals) = postSolution
		SolutionGuid = {7EE3323A-C6B2-44E5-AF7A-94D9864914F2}
	EndGlobalSection
EndGlobal
